
Microsoft Visual Studio Solution File, Format Version 12.00
# Visual Studio Version 17
VisualStudioVersion = 17.0.31903.59
MinimumVisualStudioVersion = 10.0.40219.1
Project("{2150E333-8FDC-42A3-9474-1A3956D46DE8}") = "env", "env", "{8C5620DA-656D-42AC-B6FF-DEAC966AD920}"
EndProject
Project("{2150E333-8FDC-42A3-9474-1A3956D46DE8}") = "aspire", "aspire", "{5CF32816-8974-479C-B872-40BD85D8C0B6}"
EndProject
Project("{FAE04EC0-301F-11D3-BF4B-00C04F79EFBC}") = "Devpira.Environment.AppHost", "env\aspire\Devpira.Environment.AppHost\Devpira.Environment.AppHost.csproj", "{B3DCD72D-DB07-4B3C-AF3A-EDA27BA05C01}"
EndProject
Project("{FAE04EC0-301F-11D3-BF4B-00C04F79EFBC}") = "Devpira.Environment.ServiceDefaults", "env\aspire\Devpira.Environment.ServiceDefaults\Devpira.Environment.ServiceDefaults.csproj", "{BF641FEB-32F3-4E4A-B32A-DB518C35F7EF}"
EndProject
Project("{2150E333-8FDC-42A3-9474-1A3956D46DE8}") = "src", "src", "{14108DF2-7B66-4ED8-B138-C8F50E661233}"
EndProject
Project("{2150E333-8FDC-42A3-9474-1A3956D46DE8}") = "backend", "backend", "{9E237B3A-EC9A-4134-8074-D27A9EDC98A0}"
EndProject
Project("{FAE04EC0-301F-11D3-BF4B-00C04F79EFBC}") = "Devpira.Application", "src\backend\Devpira.Application\Devpira.Application.csproj", "{813FA806-9467-4723-8F79-FA63C0DD55E5}"
EndProject
Project("{FAE04EC0-301F-11D3-BF4B-00C04F79EFBC}") = "Devpira.WebApi", "src\backend\Devpira.WebApi\Devpira.WebApi.csproj", "{500BE512-6AF2-42DB-A1FD-9ED8AA4F093D}"
EndProject
Project("{2150E333-8FDC-42A3-9474-1A3956D46DE8}") = "tools", "tools", "{4EEECD84-29A4-4D04-9BC1-8F991F17B517}"
EndProject
Project("{FAE04EC0-301F-11D3-BF4B-00C04F79EFBC}") = "Devpira.Infrastructure.Db.Tools", "tools\Devpira.Infrastructure.Db.Tools\Devpira.Infrastructure.Db.Tools.csproj", "{20CE0414-8DEB-4FEC-A954-6BFE97FFE5DF}"
EndProject
Project("{2150E333-8FDC-42A3-9474-1A3956D46DE8}") = "tests", "tests", "{C01B6ADB-C5B0-4245-9967-72AA678FEB2E}"
EndProject
Project("{2150E333-8FDC-42A3-9474-1A3956D46DE8}") = "backend", "backend", "{06CDA2A3-B7E0-4866-82D3-D91F6B72BCD6}"
EndProject
Project("{FAE04EC0-301F-11D3-BF4B-00C04F79EFBC}") = "Devpira.Integration.Tests", "tests\backend\Devpira.Integration.Tests\Devpira.Integration.Tests.csproj", "{1CEC9369-A6EA-4BA0-8F49-D2FFF2664C2F}"
EndProject
Project("{FAE04EC0-301F-11D3-BF4B-00C04F79EFBC}") = "Devpira.Unit.Tests", "tests\backend\Devpira.Unit.Tests\Devpira.Unit.Tests.csproj", "{8319AD4C-5978-4F9B-B862-F83BFD6A7C4F}"
EndProject
Global
	GlobalSection(SolutionConfigurationPlatforms) = preSolution
		Debug|Any CPU = Debug|Any CPU
		Release|Any CPU = Release|Any CPU
	EndGlobalSection
	GlobalSection(SolutionProperties) = preSolution
		HideSolutionNode = FALSE
	EndGlobalSection
	GlobalSection(ProjectConfigurationPlatforms) = postSolution
		{B3DCD72D-DB07-4B3C-AF3A-EDA27BA05C01}.Debug|Any CPU.ActiveCfg = Debug|Any CPU
		{B3DCD72D-DB07-4B3C-AF3A-EDA27BA05C01}.Debug|Any CPU.Build.0 = Debug|Any CPU
		{B3DCD72D-DB07-4B3C-AF3A-EDA27BA05C01}.Release|Any CPU.ActiveCfg = Release|Any CPU
		{B3DCD72D-DB07-4B3C-AF3A-EDA27BA05C01}.Release|Any CPU.Build.0 = Release|Any CPU
		{BF641FEB-32F3-4E4A-B32A-DB518C35F7EF}.Debug|Any CPU.ActiveCfg = Debug|Any CPU
		{BF641FEB-32F3-4E4A-B32A-DB518C35F7EF}.Debug|Any CPU.Build.0 = Debug|Any CPU
		{BF641FEB-32F3-4E4A-B32A-DB518C35F7EF}.Release|Any CPU.ActiveCfg = Release|Any CPU
		{BF641FEB-32F3-4E4A-B32A-DB518C35F7EF}.Release|Any CPU.Build.0 = Release|Any CPU
		{813FA806-9467-4723-8F79-FA63C0DD55E5}.Debug|Any CPU.ActiveCfg = Debug|Any CPU
		{813FA806-9467-4723-8F79-FA63C0DD55E5}.Debug|Any CPU.Build.0 = Debug|Any CPU
		{813FA806-9467-4723-8F79-FA63C0DD55E5}.Release|Any CPU.ActiveCfg = Release|Any CPU
		{813FA806-9467-4723-8F79-FA63C0DD55E5}.Release|Any CPU.Build.0 = Release|Any CPU
		{500BE512-6AF2-42DB-A1FD-9ED8AA4F093D}.Debug|Any CPU.ActiveCfg = Debug|Any CPU
		{500BE512-6AF2-42DB-A1FD-9ED8AA4F093D}.Debug|Any CPU.Build.0 = Debug|Any CPU
		{500BE512-6AF2-42DB-A1FD-9ED8AA4F093D}.Release|Any CPU.ActiveCfg = Release|Any CPU
		{500BE512-6AF2-42DB-A1FD-9ED8AA4F093D}.Release|Any CPU.Build.0 = Release|Any CPU
		{20CE0414-8DEB-4FEC-A954-6BFE97FFE5DF}.Debug|Any CPU.ActiveCfg = Debug|Any CPU
		{20CE0414-8DEB-4FEC-A954-6BFE97FFE5DF}.Debug|Any CPU.Build.0 = Debug|Any CPU
		{20CE0414-8DEB-4FEC-A954-6BFE97FFE5DF}.Release|Any CPU.ActiveCfg = Release|Any CPU
		{20CE0414-8DEB-4FEC-A954-6BFE97FFE5DF}.Release|Any CPU.Build.0 = Release|Any CPU
		{1CEC9369-A6EA-4BA0-8F49-D2FFF2664C2F}.Debug|Any CPU.ActiveCfg = Debug|Any CPU
		{1CEC9369-A6EA-4BA0-8F49-D2FFF2664C2F}.Debug|Any CPU.Build.0 = Debug|Any CPU
		{1CEC9369-A6EA-4BA0-8F49-D2FFF2664C2F}.Release|Any CPU.ActiveCfg = Release|Any CPU
		{1CEC9369-A6EA-4BA0-8F49-D2FFF2664C2F}.Release|Any CPU.Build.0 = Release|Any CPU
		{8319AD4C-5978-4F9B-B862-F83BFD6A7C4F}.Debug|Any CPU.ActiveCfg = Debug|Any CPU
		{8319AD4C-5978-4F9B-B862-F83BFD6A7C4F}.Debug|Any CPU.Build.0 = Debug|Any CPU
		{8319AD4C-5978-4F9B-B862-F83BFD6A7C4F}.Release|Any CPU.ActiveCfg = Release|Any CPU
		{8319AD4C-5978-4F9B-B862-F83BFD6A7C4F}.Release|Any CPU.Build.0 = Release|Any CPU
	EndGlobalSection
	GlobalSection(NestedProjects) = preSolution
		{5CF32816-8974-479C-B872-40BD85D8C0B6} = {8C5620DA-656D-42AC-B6FF-DEAC966AD920}
		{B3DCD72D-DB07-4B3C-AF3A-EDA27BA05C01} = {5CF32816-8974-479C-B872-40BD85D8C0B6}
		{BF641FEB-32F3-4E4A-B32A-DB518C35F7EF} = {5CF32816-8974-479C-B872-40BD85D8C0B6}
		{9E237B3A-EC9A-4134-8074-D27A9EDC98A0} = {14108DF2-7B66-4ED8-B138-C8F50E661233}
		{813FA806-9467-4723-8F79-FA63C0DD55E5} = {9E237B3A-EC9A-4134-8074-D27A9EDC98A0}
		{500BE512-6AF2-42DB-A1FD-9ED8AA4F093D} = {9E237B3A-EC9A-4134-8074-D27A9EDC98A0}
		{20CE0414-8DEB-4FEC-A954-6BFE97FFE5DF} = {4EEECD84-29A4-4D04-9BC1-8F991F17B517}
		{06CDA2A3-B7E0-4866-82D3-D91F6B72BCD6} = {C01B6ADB-C5B0-4245-9967-72AA678FEB2E}
		{1CEC9369-A6EA-4BA0-8F49-D2FFF2664C2F} = {06CDA2A3-B7E0-4866-82D3-D91F6B72BCD6}
		{8319AD4C-5978-4F9B-B862-F83BFD6A7C4F} = {06CDA2A3-B7E0-4866-82D3-D91F6B72BCD6}
	EndGlobalSection
EndGlobal
